
Microsoft Visual Studio Solution File, Format Version 12.00
# Visual Studio Version 16
VisualStudioVersion = 16.0.30413.136
MinimumVisualStudioVersion = 10.0.40219.1
Project("{FAE04EC0-301F-11D3-BF4B-00C04F79EFBC}") = "Xartic.Api", "Xartic.Api\Xartic.Api.csproj", "{84AC3D19-0DC3-4425-A1F5-7BABDCB503EC}"
EndProject
Project("{FAE04EC0-301F-11D3-BF4B-00C04F79EFBC}") = "Xartic.Core", "Xartic.Core\Xartic.Core.csproj", "{21F2F9AD-C686-4ACC-A998-EA0AEAC4C042}"
EndProject
Global
	GlobalSection(SolutionConfigurationPlatforms) = preSolution
		Debug|Any CPU = Debug|Any CPU
		Release|Any CPU = Release|Any CPU
	EndGlobalSection
	GlobalSection(ProjectConfigurationPlatforms) = postSolution
		{84AC3D19-0DC3-4425-A1F5-7BABDCB503EC}.Debug|Any CPU.ActiveCfg = Debug|Any CPU
		{84AC3D19-0DC3-4425-A1F5-7BABDCB503EC}.Debug|Any CPU.Build.0 = Debug|Any CPU
		{84AC3D19-0DC3-4425-A1F5-7BABDCB503EC}.Release|Any CPU.ActiveCfg = Release|Any CPU
		{84AC3D19-0DC3-4425-A1F5-7BABDCB503EC}.Release|Any CPU.Build.0 = Release|Any CPU
		{21F2F9AD-C686-4ACC-A998-EA0AEAC4C042}.Debug|Any CPU.ActiveCfg = Debug|Any CPU
		{21F2F9AD-C686-4ACC-A998-EA0AEAC4C042}.Debug|Any CPU.Build.0 = Debug|Any CPU
		{21F2F9AD-C686-4ACC-A998-EA0AEAC4C042}.Release|Any CPU.ActiveCfg = Release|Any CPU
		{21F2F9AD-C686-4ACC-A998-EA0AEAC4C042}.Release|Any CPU.Build.0 = Release|Any CPU
	EndGlobalSection
	GlobalSection(SolutionProperties) = preSolution
		HideSolutionNode = FALSE
	EndGlobalSection
	GlobalSection(ExtensibilityGlobals) = postSolution
		SolutionGuid = {522C28C5-1B9E-4561-A97B-315B5F7B029C}
	EndGlobalSection
EndGlobal
